# THIS IS AN AUTOGENERATED FILE. DO NOT EDIT THIS FILE DIRECTLY.
# yarn lockfile v1
"@types/commander":
  version "2.3.30"
  resolved "https://registry.yarnpkg.com/@types/commander/-/commander-2.3.30.tgz#4dbfb273093bb302541f429dd8a3a1d499c463b0"
  dependencies:
    "@types/node" "*"

"@types/lodash":
  version "4.14.37"
  resolved "https://registry.yarnpkg.com/@types/lodash/-/lodash-4.14.37.tgz#9a2169db336c87dc289c8d0aec2e5aa707feba2b"

"@types/node@*":
  version "6.0.45"
  resolved "https://registry.yarnpkg.com/@types/node/-/node-6.0.45.tgz#c4842a9d653d767831e4ff495b6008cc0d579966"

commander:
  version "2.9.0"
  resolved "https://registry.yarnpkg.com/commander/-/commander-2.9.0.tgz#9c99094176e12240cb22d6c5146098400fe0f7d4"
  dependencies:
    graceful-readlink ">= 1.0.0"

"graceful-readlink@>= 1.0.0":
  version "1.0.1"
  resolved "https://registry.yarnpkg.com/graceful-readlink/-/graceful-readlink-1.0.1.tgz#4cafad76bc62f02fa039b2f94e9a3dd3a391a725"

lodash:
  version "4.16.4"
  resolved "https://registry.yarnpkg.com/lodash/-/lodash-4.16.4.tgz#01ce306b9bad1319f2a5528674f88297aeb70127"

